schema: '2.0'
stages:
  data_ingestion:
    cmd: python -m src.data.data_ingestion
    deps:
    - path: src/data/data_ingestion.py
      hash: md5
      md5: 3f175a0d7a560270e77f25a79fa18e7b
      size: 2680
    params:
      params.yaml:
        data_ingestion.test_size: 0.25
    outs:
    - path: data/raw
      hash: md5
      md5: 2efc9ac61f86604bbf934da613e4902b.dir
      size: 449829
      nfiles: 2
  data_preprocessing:
    cmd: python -m src.data.data_preprocessing
    deps:
    - path: data/raw
      hash: md5
      md5: 2efc9ac61f86604bbf934da613e4902b.dir
      size: 449829
      nfiles: 2
    - path: src/data/data_ingestion.py
      hash: md5
      md5: 3f175a0d7a560270e77f25a79fa18e7b
      size: 2680
    outs:
    - path: data/interim
      hash: md5
      md5: f9537526ab197e8f6a9fbc90fabda45e.dir
      size: 464983
      nfiles: 2
  transform_feature:
    cmd: python -m src.features.transform_feature
    deps:
    - path: data/interim
      hash: md5
      md5: f9537526ab197e8f6a9fbc90fabda45e.dir
      size: 464983
      nfiles: 2
    - path: src/features/transform_feature.py
      hash: md5
      md5: aa0ce8ed21209c0477f9ac237873aee0
      size: 3850
    outs:
    - path: data/processed
      hash: md5
      md5: 5092ef2f792060503ff2cec81d7e5a45.dir
      size: 314080
      nfiles: 2
    - path: models/target_encoder.pkl
      hash: md5
      md5: 1d0280701b04fea6e85a67b3a6c9e0b7
      size: 264
  train_model:
    cmd: python -m src.model.train_model
    deps:
    - path: data/processed
      hash: md5
      md5: 5092ef2f792060503ff2cec81d7e5a45.dir
      size: 314080
      nfiles: 2
    - path: src/model/train_model.py
      hash: md5
      md5: bacb0e2fc881d3fcee71a0638ae534d2
      size: 4788
    outs:
    - path: models/gradient_boosting_model.pkl
      hash: md5
      md5: 6bb294110df30e456395c5d69854ef06
      size: 139819
    - path: reports/data.json
      hash: md5
      md5: b2349c8033b1bb7760823355a03b4131
      size: 109
