schema: '2.0'
stages:
  data_ingestion:
    cmd: python -m src.data.data_ingestion
    deps:
    - path: src/data/data_ingestion.py
      hash: md5
      md5: 3f175a0d7a560270e77f25a79fa18e7b
      size: 2680
    params:
      params.yaml:
        data_ingestion.test_size: 0.25
    outs:
    - path: data/raw
      hash: md5
      md5: 2efc9ac61f86604bbf934da613e4902b.dir
      size: 449829
      nfiles: 2
  data_preprocessing:
    cmd: python -m src.data.data_preprocessing
    deps:
    - path: data/raw
      hash: md5
      md5: 2efc9ac61f86604bbf934da613e4902b.dir
      size: 449829
      nfiles: 2
    - path: src/data/data_ingestion.py
      hash: md5
      md5: 3f175a0d7a560270e77f25a79fa18e7b
      size: 2680
    outs:
    - path: data/interim
      hash: md5
      md5: f9537526ab197e8f6a9fbc90fabda45e.dir
      size: 464983
      nfiles: 2
  transform_feature:
    cmd: python -m src.features.transform_feature
    deps:
    - path: data/interim
      hash: md5
      md5: f9537526ab197e8f6a9fbc90fabda45e.dir
      size: 464983
      nfiles: 2
    - path: src/features/transform_feature.py
      hash: md5
      md5: 0f9041d55c37f5044fc224f3714d6b56
      size: 3895
    outs:
    - path: data/processed
      hash: md5
      md5: 5092ef2f792060503ff2cec81d7e5a45.dir
      size: 314080
      nfiles: 2
    - path: models/target_encoder.pkl
      hash: md5
      md5: 1d0280701b04fea6e85a67b3a6c9e0b7
      size: 264
  train_model:
    cmd: python -m src.model.train_model
    deps:
    - path: data/processed
      hash: md5
      md5: 5092ef2f792060503ff2cec81d7e5a45.dir
      size: 314080
      nfiles: 2
    - path: src/model/train_model.py
      hash: md5
      md5: 861dab7d71ed6e908f4192a9bdc10612
      size: 5111
    outs:
    - path: models/gradient_boosting_model.pkl
      hash: md5
      md5: 540d08dbb88d021af275ebdf5440730d
      size: 140395
    - path: reports/data.json
      hash: md5
      md5: 3749c829943ce758c8c8556677422888
      size: 137
  model_testing:
    cmd: python -m src.model.test_model
    deps:
    - path: data/processed
      hash: md5
      md5: 5092ef2f792060503ff2cec81d7e5a45.dir
      size: 314080
      nfiles: 2
    - path: models/
      hash: md5
      md5: 23348700ff4b72f52cc4b0d9f82592a7.dir
      size: 140659
      nfiles: 3
    - path: reports/
      hash: md5
      md5: 7748450ddf449c582cd05ac3150fedd0.dir
      size: 146
      nfiles: 4
    - path: src/model/test_model.py
      hash: md5
      md5: 025caf942bd37f7e7f825ce29e982d8f
      size: 4491
